// !$*UTF8*$!
{
	archiveVersion = 1;
	classes = {
	};
	objectVersion = 56;
	objects = {

/* Begin PBXBuildFile section */
		4793793029E0190E006D6A56 /* InheritanceApp.swift in Sources */ = {isa = PBXBuildFile; fileRef = 4793792F29E0190E006D6A56 /* InheritanceApp.swift */; };
		4793793229E0190E006D6A56 /* MainView.swift in Sources */ = {isa = PBXBuildFile; fileRef = 4793793129E0190E006D6A56 /* MainView.swift */; };
		4793793429E01910006D6A56 /* Assets.xcassets in Resources */ = {isa = PBXBuildFile; fileRef = 4793793329E01910006D6A56 /* Assets.xcassets */; };
		4793793729E01910006D6A56 /* Preview Assets.xcassets in Resources */ = {isa = PBXBuildFile; fileRef = 4793793629E01910006D6A56 /* Preview Assets.xcassets */; };
		4793794129E01C26006D6A56 /* OnBoardingView.swift in Sources */ = {isa = PBXBuildFile; fileRef = 4793794029E01C26006D6A56 /* OnBoardingView.swift */; };
		4793794329E01D03006D6A56 /* LocationView.swift in Sources */ = {isa = PBXBuildFile; fileRef = 4793794229E01D03006D6A56 /* LocationView.swift */; };
		4793794629E01D7D006D6A56 /* OnBoarding.swift in Sources */ = {isa = PBXBuildFile; fileRef = 4793794529E01D7D006D6A56 /* OnBoarding.swift */; };
		4793794B29E01E80006D6A56 /* HomeView.swift in Sources */ = {isa = PBXBuildFile; fileRef = 4793794A29E01E80006D6A56 /* HomeView.swift */; };
		4793794D29E01E94006D6A56 /* HomeNavigationView.swift in Sources */ = {isa = PBXBuildFile; fileRef = 4793794C29E01E94006D6A56 /* HomeNavigationView.swift */; };
		4793795029E02882006D6A56 /* CultureInheritance.swift in Sources */ = {isa = PBXBuildFile; fileRef = 4793794F29E02882006D6A56 /* CultureInheritance.swift */; };
		4793795229E02E86006D6A56 /* CultureInheritanceVM.swift in Sources */ = {isa = PBXBuildFile; fileRef = 4793795129E02E86006D6A56 /* CultureInheritanceVM.swift */; };
		4793795529E060D9006D6A56 /* CardView.swift in Sources */ = {isa = PBXBuildFile; fileRef = 4793795429E060D9006D6A56 /* CardView.swift */; };
		4793795729E061A9006D6A56 /* AllCardsView.swift in Sources */ = {isa = PBXBuildFile; fileRef = 4793795629E061A9006D6A56 /* AllCardsView.swift */; };
		4793795929E063D5006D6A56 /* detailedCultureView.swift in Sources */ = {isa = PBXBuildFile; fileRef = 4793795829E063D5006D6A56 /* detailedCultureView.swift */; };
		4793795C29E08467006D6A56 /* FavorsView.swift in Sources */ = {isa = PBXBuildFile; fileRef = 4793795B29E08467006D6A56 /* FavorsView.swift */; };
		4793795E29E145D8006D6A56 /* MyCategoriesView.swift in Sources */ = {isa = PBXBuildFile; fileRef = 4793795D29E145D8006D6A56 /* MyCategoriesView.swift */; };
/* End PBXBuildFile section */

/* Begin PBXFileReference section */
		4793792C29E0190E006D6A56 /* Inheritance.app */ = {isa = PBXFileReference; explicitFileType = wrapper.application; includeInIndex = 0; path = Inheritance.app; sourceTree = BUILT_PRODUCTS_DIR; };
		4793792F29E0190E006D6A56 /* InheritanceApp.swift */ = {isa = PBXFileReference; lastKnownFileType = sourcecode.swift; path = InheritanceApp.swift; sourceTree = "<group>"; };
		4793793129E0190E006D6A56 /* MainView.swift */ = {isa = PBXFileReference; lastKnownFileType = sourcecode.swift; path = MainView.swift; sourceTree = "<group>"; };
		4793793329E01910006D6A56 /* Assets.xcassets */ = {isa = PBXFileReference; lastKnownFileType = folder.assetcatalog; path = Assets.xcassets; sourceTree = "<group>"; };
		4793793629E01910006D6A56 /* Preview Assets.xcassets */ = {isa = PBXFileReference; lastKnownFileType = folder.assetcatalog; path = "Preview Assets.xcassets"; sourceTree = "<group>"; };
		4793794029E01C26006D6A56 /* OnBoardingView.swift */ = {isa = PBXFileReference; lastKnownFileType = sourcecode.swift; path = OnBoardingView.swift; sourceTree = "<group>"; };
		4793794229E01D03006D6A56 /* LocationView.swift */ = {isa = PBXFileReference; lastKnownFileType = sourcecode.swift; path = LocationView.swift; sourceTree = "<group>"; };
		4793794529E01D7D006D6A56 /* OnBoarding.swift */ = {isa = PBXFileReference; lastKnownFileType = sourcecode.swift; path = OnBoarding.swift; sourceTree = "<group>"; };
		4793794A29E01E80006D6A56 /* HomeView.swift */ = {isa = PBXFileReference; lastKnownFileType = sourcecode.swift; path = HomeView.swift; sourceTree = "<group>"; };
		4793794C29E01E94006D6A56 /* HomeNavigationView.swift */ = {isa = PBXFileReference; lastKnownFileType = sourcecode.swift; path = HomeNavigationView.swift; sourceTree = "<group>"; };
		4793794F29E02882006D6A56 /* CultureInheritance.swift */ = {isa = PBXFileReference; lastKnownFileType = sourcecode.swift; path = CultureInheritance.swift; sourceTree = "<group>"; };
		4793795129E02E86006D6A56 /* CultureInheritanceVM.swift */ = {isa = PBXFileReference; lastKnownFileType = sourcecode.swift; path = CultureInheritanceVM.swift; sourceTree = "<group>"; };
		4793795429E060D9006D6A56 /* CardView.swift */ = {isa = PBXFileReference; lastKnownFileType = sourcecode.swift; path = CardView.swift; sourceTree = "<group>"; };
		4793795629E061A9006D6A56 /* AllCardsView.swift */ = {isa = PBXFileReference; lastKnownFileType = sourcecode.swift; path = AllCardsView.swift; sourceTree = "<group>"; };
		4793795829E063D5006D6A56 /* detailedCultureView.swift */ = {isa = PBXFileReference; lastKnownFileType = sourcecode.swift; path = detailedCultureView.swift; sourceTree = "<group>"; };
		4793795B29E08467006D6A56 /* FavorsView.swift */ = {isa = PBXFileReference; lastKnownFileType = sourcecode.swift; path = FavorsView.swift; sourceTree = "<group>"; };
		4793795D29E145D8006D6A56 /* MyCategoriesView.swift */ = {isa = PBXFileReference; lastKnownFileType = sourcecode.swift; path = MyCategoriesView.swift; sourceTree = "<group>"; };
/* End PBXFileReference section */

/* Begin PBXFrameworksBuildPhase section */
		4793792929E0190E006D6A56 /* Frameworks */ = {
			isa = PBXFrameworksBuildPhase;
			buildActionMask = 2147483647;
			files = (
			);
			runOnlyForDeploymentPostprocessing = 0;
		};
/* End PBXFrameworksBuildPhase section */

/* Begin PBXGroup section */
		4793792329E0190E006D6A56 = {
			isa = PBXGroup;
			children = (
				4793792E29E0190E006D6A56 /* Inheritance */,
				4793792D29E0190E006D6A56 /* Products */,
			);
			sourceTree = "<group>";
		};
		4793792D29E0190E006D6A56 /* Products */ = {
			isa = PBXGroup;
			children = (
				4793792C29E0190E006D6A56 /* Inheritance.app */,
			);
			name = Products;
			sourceTree = "<group>";
		};
		4793792E29E0190E006D6A56 /* Inheritance */ = {
			isa = PBXGroup;
			children = (
				4793794E29E01EC5006D6A56 /* ViewModels */,
				4793794429E01D6C006D6A56 /* Model */,
				4793793D29E01BCF006D6A56 /* Views */,
				4793792F29E0190E006D6A56 /* InheritanceApp.swift */,
				4793793129E0190E006D6A56 /* MainView.swift */,
				4793793329E01910006D6A56 /* Assets.xcassets */,
				4793793529E01910006D6A56 /* Preview Content */,
			);
			path = Inheritance;
			sourceTree = "<group>";
		};
		4793793529E01910006D6A56 /* Preview Content */ = {
			isa = PBXGroup;
			children = (
				4793793629E01910006D6A56 /* Preview Assets.xcassets */,
			);
			path = "Preview Content";
			sourceTree = "<group>";
		};
		4793793D29E01BCF006D6A56 /* Views */ = {
			isa = PBXGroup;
			children = (
				4793795A29E08454006D6A56 /* FavorsView */,
				4793795329E060B8006D6A56 /* AllCardsViews */,
				4793794729E01E40006D6A56 /* HomeViews */,
				4793793F29E01C16006D6A56 /* OnBoardingViews */,
			);
			path = Views;
			sourceTree = "<group>";
		};
		4793793F29E01C16006D6A56 /* OnBoardingViews */ = {
			isa = PBXGroup;
			children = (
				4793794029E01C26006D6A56 /* OnBoardingView.swift */,
				4793794229E01D03006D6A56 /* LocationView.swift */,
			);
			path = OnBoardingViews;
			sourceTree = "<group>";
		};
		4793794429E01D6C006D6A56 /* Model */ = {
			isa = PBXGroup;
			children = (
				4793794529E01D7D006D6A56 /* OnBoarding.swift */,
				4793794F29E02882006D6A56 /* CultureInheritance.swift */,
			);
			path = Model;
			sourceTree = "<group>";
		};
		4793794729E01E40006D6A56 /* HomeViews */ = {
			isa = PBXGroup;
			children = (
				4793794A29E01E80006D6A56 /* HomeView.swift */,
				4793794C29E01E94006D6A56 /* HomeNavigationView.swift */,
				4793795D29E145D8006D6A56 /* MyCategoriesView.swift */,
			);
			path = HomeViews;
			sourceTree = "<group>";
		};
		4793794E29E01EC5006D6A56 /* ViewModels */ = {
			isa = PBXGroup;
			children = (
				4793795129E02E86006D6A56 /* CultureInheritanceVM.swift */,
			);
			path = ViewModels;
			sourceTree = "<group>";
		};
		4793795329E060B8006D6A56 /* AllCardsViews */ = {
			isa = PBXGroup;
			children = (
				4793795429E060D9006D6A56 /* CardView.swift */,
				4793795629E061A9006D6A56 /* AllCardsView.swift */,
				4793795829E063D5006D6A56 /* detailedCultureView.swift */,
			);
			path = AllCardsViews;
			sourceTree = "<group>";
		};
		4793795A29E08454006D6A56 /* FavorsView */ = {
			isa = PBXGroup;
			children = (
				4793795B29E08467006D6A56 /* FavorsView.swift */,
			);
			path = FavorsView;
			sourceTree = "<group>";
		};
/* End PBXGroup section */

/* Begin PBXNativeTarget section */
		4793792B29E0190E006D6A56 /* Inheritance */ = {
			isa = PBXNativeTarget;
			buildConfigurationList = 4793793A29E01910006D6A56 /* Build configuration list for PBXNativeTarget "Inheritance" */;
			buildPhases = (
				4793792829E0190E006D6A56 /* Sources */,
				4793792929E0190E006D6A56 /* Frameworks */,
				4793792A29E0190E006D6A56 /* Resources */,
			);
			buildRules = (
			);
			dependencies = (
			);
			name = Inheritance;
			productName = Inheritance;
			productReference = 4793792C29E0190E006D6A56 /* Inheritance.app */;
			productType = "com.apple.product-type.application";
		};
/* End PBXNativeTarget section */

/* Begin PBXProject section */
		4793792429E0190E006D6A56 /* Project object */ = {
			isa = PBXProject;
			attributes = {
				BuildIndependentTargetsInParallel = 1;
				LastSwiftUpdateCheck = 1430;
				LastUpgradeCheck = 1430;
				TargetAttributes = {
					4793792B29E0190E006D6A56 = {
						CreatedOnToolsVersion = 14.3;
					};
				};
			};
			buildConfigurationList = 4793792729E0190E006D6A56 /* Build configuration list for PBXProject "Inheritance" */;
			compatibilityVersion = "Xcode 14.0";
			developmentRegion = en;
			hasScannedForEncodings = 0;
			knownRegions = (
				en,
				Base,
			);
			mainGroup = 4793792329E0190E006D6A56;
			productRefGroup = 4793792D29E0190E006D6A56 /* Products */;
			projectDirPath = "";
			projectRoot = "";
			targets = (
				4793792B29E0190E006D6A56 /* Inheritance */,
			);
		};
/* End PBXProject section */

/* Begin PBXResourcesBuildPhase section */
		4793792A29E0190E006D6A56 /* Resources */ = {
			isa = PBXResourcesBuildPhase;
			buildActionMask = 2147483647;
			files = (
				4793793729E01910006D6A56 /* Preview Assets.xcassets in Resources */,
				4793793429E01910006D6A56 /* Assets.xcassets in Resources */,
			);
			runOnlyForDeploymentPostprocessing = 0;
		};
/* End PBXResourcesBuildPhase section */

/* Begin PBXSourcesBuildPhase section */
		4793792829E0190E006D6A56 /* Sources */ = {
			isa = PBXSourcesBuildPhase;
			buildActionMask = 2147483647;
			files = (
				4793795529E060D9006D6A56 /* CardView.swift in Sources */,
				4793795229E02E86006D6A56 /* CultureInheritanceVM.swift in Sources */,
				4793795E29E145D8006D6A56 /* MyCategoriesView.swift in Sources */,
				4793794D29E01E94006D6A56 /* HomeNavigationView.swift in Sources */,
				4793794129E01C26006D6A56 /* OnBoardingView.swift in Sources */,
				4793795C29E08467006D6A56 /* FavorsView.swift in Sources */,
				4793795029E02882006D6A56 /* CultureInheritance.swift in Sources */,
				4793795729E061A9006D6A56 /* AllCardsView.swift in Sources */,
				4793794B29E01E80006D6A56 /* HomeView.swift in Sources */,
				4793794329E01D03006D6A56 /* LocationView.swift in Sources */,
				4793793229E0190E006D6A56 /* MainView.swift in Sources */,
				4793793029E0190E006D6A56 /* InheritanceApp.swift in Sources */,
				4793794629E01D7D006D6A56 /* OnBoarding.swift in Sources */,
				4793795929E063D5006D6A56 /* detailedCultureView.swift in Sources */,
			);
			runOnlyForDeploymentPostprocessing = 0;
		};
/* End PBXSourcesBuildPhase section */

/* Begin XCBuildConfiguration section */
		4793793829E01910006D6A56 /* Debug */ = {
			isa = XCBuildConfiguration;
			buildSettings = {
				ALWAYS_SEARCH_USER_PATHS = NO;
				CLANG_ANALYZER_NONNULL = YES;
				CLANG_ANALYZER_NUMBER_OBJECT_CONVERSION = YES_AGGRESSIVE;
				CLANG_CXX_LANGUAGE_STANDARD = "gnu++20";
				CLANG_ENABLE_MODULES = YES;
				CLANG_ENABLE_OBJC_ARC = YES;
				CLANG_ENABLE_OBJC_WEAK = YES;
				CLANG_WARN_BLOCK_CAPTURE_AUTORELEASING = YES;
				CLANG_WARN_BOOL_CONVERSION = YES;
				CLANG_WARN_COMMA = YES;
				CLANG_WARN_CONSTANT_CONVERSION = YES;
				CLANG_WARN_DEPRECATED_OBJC_IMPLEMENTATIONS = YES;
				CLANG_WARN_DIRECT_OBJC_ISA_USAGE = YES_ERROR;
				CLANG_WARN_DOCUMENTATION_COMMENTS = YES;
				CLANG_WARN_EMPTY_BODY = YES;
				CLANG_WARN_ENUM_CONVERSION = YES;
				CLANG_WARN_INFINITE_RECURSION = YES;
				CLANG_WARN_INT_CONVERSION = YES;
				CLANG_WARN_NON_LITERAL_NULL_CONVERSION = YES;
				CLANG_WARN_OBJC_IMPLICIT_RETAIN_SELF = YES;
				CLANG_WARN_OBJC_LITERAL_CONVERSION = YES;
				CLANG_WARN_OBJC_ROOT_CLASS = YES_ERROR;
				CLANG_WARN_QUOTED_INCLUDE_IN_FRAMEWORK_HEADER = YES;
				CLANG_WARN_RANGE_LOOP_ANALYSIS = YES;
				CLANG_WARN_STRICT_PROTOTYPES = YES;
				CLANG_WARN_SUSPICIOUS_MOVE = YES;
				CLANG_WARN_UNGUARDED_AVAILABILITY = YES_AGGRESSIVE;
				CLANG_WARN_UNREACHABLE_CODE = YES;
				CLANG_WARN__DUPLICATE_METHOD_MATCH = YES;
				COPY_PHASE_STRIP = NO;
				DEBUG_INFORMATION_FORMAT = dwarf;
				ENABLE_STRICT_OBJC_MSGSEND = YES;
				ENABLE_TESTABILITY = YES;
				GCC_C_LANGUAGE_STANDARD = gnu11;
				GCC_DYNAMIC_NO_PIC = NO;
				GCC_NO_COMMON_BLOCKS = YES;
				GCC_OPTIMIZATION_LEVEL = 0;
				GCC_PREPROCESSOR_DEFINITIONS = (
					"DEBUG=1",
					"$(inherited)",
				);
				GCC_WARN_64_TO_32_BIT_CONVERSION = YES;
				GCC_WARN_ABOUT_RETURN_TYPE = YES_ERROR;
				GCC_WARN_UNDECLARED_SELECTOR = YES;
				GCC_WARN_UNINITIALIZED_AUTOS = YES_AGGRESSIVE;
				GCC_WARN_UNUSED_FUNCTION = YES;
				GCC_WARN_UNUSED_VARIABLE = YES;
				IPHONEOS_DEPLOYMENT_TARGET = 16.4;
				MTL_ENABLE_DEBUG_INFO = INCLUDE_SOURCE;
				MTL_FAST_MATH = YES;
				ONLY_ACTIVE_ARCH = YES;
				SDKROOT = iphoneos;
				SWIFT_ACTIVE_COMPILATION_CONDITIONS = DEBUG;
				SWIFT_OPTIMIZATION_LEVEL = "-Onone";
			};
			name = Debug;
		};
		4793793929E01910006D6A56 /* Release */ = {
			isa = XCBuildConfiguration;
			buildSettings = {
				ALWAYS_SEARCH_USER_PATHS = NO;
				CLANG_ANALYZER_NONNULL = YES;
				CLANG_ANALYZER_NUMBER_OBJECT_CONVERSION = YES_AGGRESSIVE;
				CLANG_CXX_LANGUAGE_STANDARD = "gnu++20";
				CLANG_ENABLE_MODULES = YES;
				CLANG_ENABLE_OBJC_ARC = YES;
				CLANG_ENABLE_OBJC_WEAK = YES;
				CLANG_WARN_BLOCK_CAPTURE_AUTORELEASING = YES;
				CLANG_WARN_BOOL_CONVERSION = YES;
				CLANG_WARN_COMMA = YES;
				CLANG_WARN_CONSTANT_CONVERSION = YES;
				CLANG_WARN_DEPRECATED_OBJC_IMPLEMENTATIONS = YES;
				CLANG_WARN_DIRECT_OBJC_ISA_USAGE = YES_ERROR;
				CLANG_WARN_DOCUMENTATION_COMMENTS = YES;
				CLANG_WARN_EMPTY_BODY = YES;
				CLANG_WARN_ENUM_CONVERSION = YES;
				CLANG_WARN_INFINITE_RECURSION = YES;
				CLANG_WARN_INT_CONVERSION = YES;
				CLANG_WARN_NON_LITERAL_NULL_CONVERSION = YES;
				CLANG_WARN_OBJC_IMPLICIT_RETAIN_SELF = YES;
				CLANG_WARN_OBJC_LITERAL_CONVERSION = YES;
				CLANG_WARN_OBJC_ROOT_CLASS = YES_ERROR;
				CLANG_WARN_QUOTED_INCLUDE_IN_FRAMEWORK_HEADER = YES;
				CLANG_WARN_RANGE_LOOP_ANALYSIS = YES;
				CLANG_WARN_STRICT_PROTOTYPES = YES;
				CLANG_WARN_SUSPICIOUS_MOVE = YES;
				CLANG_WARN_UNGUARDED_AVAILABILITY = YES_AGGRESSIVE;
				CLANG_WARN_UNREACHABLE_CODE = YES;
				CLANG_WARN__DUPLICATE_METHOD_MATCH = YES;
				COPY_PHASE_STRIP = NO;
				DEBUG_INFORMATION_FORMAT = "dwarf-with-dsym";
				ENABLE_NS_ASSERTIONS = NO;
				ENABLE_STRICT_OBJC_MSGSEND = YES;
				GCC_C_LANGUAGE_STANDARD = gnu11;
				GCC_NO_COMMON_BLOCKS = YES;
				GCC_WARN_64_TO_32_BIT_CONVERSION = YES;
				GCC_WARN_ABOUT_RETURN_TYPE = YES_ERROR;
				GCC_WARN_UNDECLARED_SELECTOR = YES;
				GCC_WARN_UNINITIALIZED_AUTOS = YES_AGGRESSIVE;
				GCC_WARN_UNUSED_FUNCTION = YES;
				GCC_WARN_UNUSED_VARIABLE = YES;
				IPHONEOS_DEPLOYMENT_TARGET = 16.4;
				MTL_ENABLE_DEBUG_INFO = NO;
				MTL_FAST_MATH = YES;
				SDKROOT = iphoneos;
				SWIFT_COMPILATION_MODE = wholemodule;
				SWIFT_OPTIMIZATION_LEVEL = "-O";
				VALIDATE_PRODUCT = YES;
			};
			name = Release;
		};
		4793793B29E01910006D6A56 /* Debug */ = {
			isa = XCBuildConfiguration;
			buildSettings = {
				ASSETCATALOG_COMPILER_APPICON_NAME = AppIcon;
				ASSETCATALOG_COMPILER_GLOBAL_ACCENT_COLOR_NAME = AccentColor;
				CODE_SIGN_STYLE = Automatic;
				CURRENT_PROJECT_VERSION = 1;
				DEVELOPMENT_ASSET_PATHS = "\"Inheritance/Preview Content\"";
				DEVELOPMENT_TEAM = BPVTKF96Q4;
				ENABLE_PREVIEWS = YES;
				GENERATE_INFOPLIST_FILE = YES;
				INFOPLIST_KEY_UIApplicationSceneManifest_Generation = YES;
				INFOPLIST_KEY_UIApplicationSupportsIndirectInputEvents = YES;
				INFOPLIST_KEY_UILaunchScreen_Generation = YES;
				INFOPLIST_KEY_UISupportedInterfaceOrientations_iPad = "UIInterfaceOrientationPortrait UIInterfaceOrientationPortraitUpsideDown UIInterfaceOrientationLandscapeLeft UIInterfaceOrientationLandscapeRight";
				INFOPLIST_KEY_UISupportedInterfaceOrientations_iPhone = "UIInterfaceOrientationPortrait UIInterfaceOrientationLandscapeLeft UIInterfaceOrientationLandscapeRight";
				LD_RUNPATH_SEARCH_PATHS = (
					"$(inherited)",
					"@executable_path/Frameworks",
				);
				MARKETING_VERSION = 1.0;
				PRODUCT_BUNDLE_IDENTIFIER = com.whucs.Inheritance;
				PRODUCT_NAME = "$(TARGET_NAME)";
				SWIFT_EMIT_LOC_STRINGS = YES;
				SWIFT_VERSION = 5.0;
				TARGETED_DEVICE_FAMILY = "1,2";
			};
			name = Debug;
		};
		4793793C29E01910006D6A56 /* Release */ = {
			isa = XCBuildConfiguration;
			buildSettings = {
				ASSETCATALOG_COMPILER_APPICON_NAME = AppIcon;
				ASSETCATALOG_COMPILER_GLOBAL_ACCENT_COLOR_NAME = AccentColor;
				CODE_SIGN_STYLE = Automatic;
				CURRENT_PROJECT_VERSION = 1;
				DEVELOPMENT_ASSET_PATHS = "\"Inheritance/Preview Content\"";
				DEVELOPMENT_TEAM = BPVTKF96Q4;
				ENABLE_PREVIEWS = YES;
				GENERATE_INFOPLIST_FILE = YES;
				INFOPLIST_KEY_UIApplicationSceneManifest_Generation = YES;
				INFOPLIST_KEY_UIApplicationSupportsIndirectInputEvents = YES;
				INFOPLIST_KEY_UILaunchScreen_Generation = YES;
				INFOPLIST_KEY_UISupportedInterfaceOrientations_iPad = "UIInterfaceOrientationPortrait UIInterfaceOrientationPortraitUpsideDown UIInterfaceOrientationLandscapeLeft UIInterfaceOrientationLandscapeRight";
				INFOPLIST_KEY_UISupportedInterfaceOrientations_iPhone = "UIInterfaceOrientationPortrait UIInterfaceOrientationLandscapeLeft UIInterfaceOrientationLandscapeRight";
				LD_RUNPATH_SEARCH_PATHS = (
					"$(inherited)",
					"@executable_path/Frameworks",
				);
				MARKETING_VERSION = 1.0;
				PRODUCT_BUNDLE_IDENTIFIER = com.whucs.Inheritance;
				PRODUCT_NAME = "$(TARGET_NAME)";
				SWIFT_EMIT_LOC_STRINGS = YES;
				SWIFT_VERSION = 5.0;
				TARGETED_DEVICE_FAMILY = "1,2";
			};
			name = Release;
		};
/* End XCBuildConfiguration section */

/* Begin XCConfigurationList section */
		4793792729E0190E006D6A56 /* Build configuration list for PBXProject "Inheritance" */ = {
			isa = XCConfigurationList;
			buildConfigurations = (
				4793793829E01910006D6A56 /* Debug */,
				4793793929E01910006D6A56 /* Release */,
			);
			defaultConfigurationIsVisible = 0;
			defaultConfigurationName = Release;
		};
		4793793A29E01910006D6A56 /* Build configuration list for PBXNativeTarget "Inheritance" */ = {
			isa = XCConfigurationList;
			buildConfigurations = (
				4793793B29E01910006D6A56 /* Debug */,
				4793793C29E01910006D6A56 /* Release */,
			);
			defaultConfigurationIsVisible = 0;
			defaultConfigurationName = Release;
		};
/* End XCConfigurationList section */
	};
	rootObject = 4793792429E0190E006D6A56 /* Project object */;
}
