// !$*UTF8*$!
{
	archiveVersion = 1;
	classes = {
	};
	objectVersion = 55;
	objects = {

/* Begin PBXBuildFile section */
		153E933229A0AC1A005499D7 /* Language.swift in Sources */ = {isa = PBXBuildFile; fileRef = 153E933129A0AC1A005499D7 /* Language.swift */; };
		153E933529A1C814005499D7 /* ThreeDotLoadingView.swift in Sources */ = {isa = PBXBuildFile; fileRef = 153E933429A1C813005499D7 /* ThreeDotLoadingView.swift */; };
		4708D40F29E694EE00646690 /* MusicContentView.swift in Sources */ = {isa = PBXBuildFile; fileRef = 4708D40E29E694EE00646690 /* MusicContentView.swift */; };
		4708D41129E694F300646690 /* music.xcassets in Resources */ = {isa = PBXBuildFile; fileRef = 4708D41029E694F300646690 /* music.xcassets */; };
		4708D41329E694F700646690 /* MusicPlayer.swift in Sources */ = {isa = PBXBuildFile; fileRef = 4708D41229E694F700646690 /* MusicPlayer.swift */; };
		4708D41529E694FF00646690 /* SearchView.swift in Sources */ = {isa = PBXBuildFile; fileRef = 4708D41429E694FF00646690 /* SearchView.swift */; };
		4708D41729E6950600646690 /* ListRow.swift in Sources */ = {isa = PBXBuildFile; fileRef = 4708D41629E6950600646690 /* ListRow.swift */; };
		4708D41929E6950A00646690 /* AccountView.swift in Sources */ = {isa = PBXBuildFile; fileRef = 4708D41829E6950A00646690 /* AccountView.swift */; };
		4708D41B29E6951000646690 /* HexagonView.swift in Sources */ = {isa = PBXBuildFile; fileRef = 4708D41A29E6951000646690 /* HexagonView.swift */; };
		4708D41D29E6951400646690 /* AnimatedBlobView.swift in Sources */ = {isa = PBXBuildFile; fileRef = 4708D41C29E6951400646690 /* AnimatedBlobView.swift */; };
		4708D41F29E6951900646690 /* SignupView.swift in Sources */ = {isa = PBXBuildFile; fileRef = 4708D41E29E6951900646690 /* SignupView.swift */; };
		4708D42129E6951D00646690 /* AngularButton.swift in Sources */ = {isa = PBXBuildFile; fileRef = 4708D42029E6951D00646690 /* AngularButton.swift */; };
		4708D42329E6952300646690 /* Modifiers.swift in Sources */ = {isa = PBXBuildFile; fileRef = 4708D42229E6952300646690 /* Modifiers.swift */; };
		4708D42529E6952700646690 /* CustomFieldModifier.swift in Sources */ = {isa = PBXBuildFile; fileRef = 4708D42429E6952700646690 /* CustomFieldModifier.swift */; };
		4708D42729E6952B00646690 /* SigninView.swift in Sources */ = {isa = PBXBuildFile; fileRef = 4708D42629E6952B00646690 /* SigninView.swift */; };
		4708D44D29E7E2F000646690 /* ARContentView.swift in Sources */ = {isa = PBXBuildFile; fileRef = 4708D44329E7E2EF00646690 /* ARContentView.swift */; };
		4708D44E29E7E2F000646690 /* Messi.mp4 in Resources */ = {isa = PBXBuildFile; fileRef = 4708D44429E7E2EF00646690 /* Messi.mp4 */; };
		4708D44F29E7E2F000646690 /* ArManager.swift in Sources */ = {isa = PBXBuildFile; fileRef = 4708D44529E7E2EF00646690 /* ArManager.swift */; };
		4708D45029E7E2F000646690 /* ronaldo-img.jpg in Resources */ = {isa = PBXBuildFile; fileRef = 4708D44629E7E2EF00646690 /* ronaldo-img.jpg */; };
		4708D45129E7E2F000646690 /* Messi-img.jpg in Resources */ = {isa = PBXBuildFile; fileRef = 4708D44729E7E2EF00646690 /* Messi-img.jpg */; };
		4708D45229E7E2F000646690 /* ArViewrep.swift in Sources */ = {isa = PBXBuildFile; fileRef = 4708D44829E7E2EF00646690 /* ArViewrep.swift */; };
		4708D45429E7E2F000646690 /* ArView.swift in Sources */ = {isa = PBXBuildFile; fileRef = 4708D44A29E7E2EF00646690 /* ArView.swift */; };
		4708D45529E7E2F000646690 /* ronaldo.mp4 in Resources */ = {isa = PBXBuildFile; fileRef = 4708D44B29E7E2F000646690 /* ronaldo.mp4 */; };
		4708D45629E7E2F000646690 /* ArAction.swift in Sources */ = {isa = PBXBuildFile; fileRef = 4708D44C29E7E2F000646690 /* ArAction.swift */; };
		4708D45829E7E4CC00646690 /* cata-jj.jpg in Resources */ = {isa = PBXBuildFile; fileRef = 4708D45729E7E4CC00646690 /* cata-jj.jpg */; };
		4708D45B29E7E50600646690 /* Afterword.mp3 in Resources */ = {isa = PBXBuildFile; fileRef = 4708D45929E7E50600646690 /* Afterword.mp3 */; };
		4708D45C29E7E50600646690 /* Fractures.mp3 in Resources */ = {isa = PBXBuildFile; fileRef = 4708D45A29E7E50600646690 /* Fractures.mp3 */; };
		4708D46429E7E9A200646690 /* EmojiMemoryGame.swift in Sources */ = {isa = PBXBuildFile; fileRef = 4708D45E29E7E9A200646690 /* EmojiMemoryGame.swift */; };
		4708D46529E7E9A200646690 /* EmojiMemoryGameView.swift in Sources */ = {isa = PBXBuildFile; fileRef = 4708D45F29E7E9A200646690 /* EmojiMemoryGameView.swift */; };
		4708D46629E7E9A200646690 /* MemoryGame.swift in Sources */ = {isa = PBXBuildFile; fileRef = 4708D46029E7E9A200646690 /* MemoryGame.swift */; };
		4708D46729E7E9A200646690 /* Cardify.swift in Sources */ = {isa = PBXBuildFile; fileRef = 4708D46129E7E9A200646690 /* Cardify.swift */; };
		4708D46829E7E9A200646690 /* ApesctVGrid.swift in Sources */ = {isa = PBXBuildFile; fileRef = 4708D46229E7E9A200646690 /* ApesctVGrid.swift */; };
		4708D46929E7E9A200646690 /* lec01App.swift in Sources */ = {isa = PBXBuildFile; fileRef = 4708D46329E7E9A200646690 /* lec01App.swift */; };
		470B2D9429E568AE00AFB76F /* ContentView.swift in Sources */ = {isa = PBXBuildFile; fileRef = 470B2D7A29E568AE00AFB76F /* ContentView.swift */; };
		470B2D9529E568AE00AFB76F /* LocationView.swift in Sources */ = {isa = PBXBuildFile; fileRef = 470B2D7D29E568AE00AFB76F /* LocationView.swift */; };
		470B2D9629E568AE00AFB76F /* OnBoardingView.swift in Sources */ = {isa = PBXBuildFile; fileRef = 470B2D7E29E568AE00AFB76F /* OnBoardingView.swift */; };
		470B2D9829E568AE00AFB76F /* FavorsView.swift in Sources */ = {isa = PBXBuildFile; fileRef = 470B2D8229E568AE00AFB76F /* FavorsView.swift */; };
		470B2D9929E568AE00AFB76F /* detailedCultureView.swift in Sources */ = {isa = PBXBuildFile; fileRef = 470B2D8429E568AE00AFB76F /* detailedCultureView.swift */; };
		470B2D9A29E568AE00AFB76F /* CardView.swift in Sources */ = {isa = PBXBuildFile; fileRef = 470B2D8529E568AE00AFB76F /* CardView.swift */; };
		470B2D9B29E568AE00AFB76F /* AllCardsView.swift in Sources */ = {isa = PBXBuildFile; fileRef = 470B2D8629E568AE00AFB76F /* AllCardsView.swift */; };
		470B2D9C29E568AE00AFB76F /* PicksCardView.swift in Sources */ = {isa = PBXBuildFile; fileRef = 470B2D8729E568AE00AFB76F /* PicksCardView.swift */; };
		470B2D9D29E568AE00AFB76F /* MyCategoriesView.swift in Sources */ = {isa = PBXBuildFile; fileRef = 470B2D8929E568AE00AFB76F /* MyCategoriesView.swift */; };
		470B2D9E29E568AE00AFB76F /* HomeView.swift in Sources */ = {isa = PBXBuildFile; fileRef = 470B2D8A29E568AE00AFB76F /* HomeView.swift */; };
		470B2D9F29E568AE00AFB76F /* HomeNavigationView.swift in Sources */ = {isa = PBXBuildFile; fileRef = 470B2D8B29E568AE00AFB76F /* HomeNavigationView.swift */; };
		470B2DA129E568AE00AFB76F /* CultureInheritanceVM.swift in Sources */ = {isa = PBXBuildFile; fileRef = 470B2D8F29E568AE00AFB76F /* CultureInheritanceVM.swift */; };
		470B2DA229E568AE00AFB76F /* InheritanceApp.swift in Sources */ = {isa = PBXBuildFile; fileRef = 470B2D9029E568AE00AFB76F /* InheritanceApp.swift */; };
		470B2DA329E568AE00AFB76F /* CultureInheritance.swift in Sources */ = {isa = PBXBuildFile; fileRef = 470B2D9229E568AE00AFB76F /* CultureInheritance.swift */; };
		470B2DA429E568AE00AFB76F /* OnBoarding.swift in Sources */ = {isa = PBXBuildFile; fileRef = 470B2D9329E568AE00AFB76F /* OnBoarding.swift */; };
		6C30875929A5B017006371BD /* DestructiveButtonStyle.swift in Sources */ = {isa = PBXBuildFile; fileRef = 6C30875829A5B017006371BD /* DestructiveButtonStyle.swift */; };
		6C30875D29A5BC57006371BD /* View+Extension.swift in Sources */ = {isa = PBXBuildFile; fileRef = 6C30875C29A5BC57006371BD /* View+Extension.swift */; };
		6C30876029A5C229006371BD /* PrimaryActionButtonStyle.swift in Sources */ = {isa = PBXBuildFile; fileRef = 6C30875F29A5C229006371BD /* PrimaryActionButtonStyle.swift */; };
		6C30876729A5C924006371BD /* MarkdownUI in Frameworks */ = {isa = PBXBuildFile; productRef = 6C30876629A5C924006371BD /* MarkdownUI */; };
		6C75265029A777CC006A986F /* Model.swift in Sources */ = {isa = PBXBuildFile; fileRef = 6C75264F29A777CC006A986F /* Model.swift */; };
		6C75267D29A89A25006A986F /* KeyboardInfo.swift in Sources */ = {isa = PBXBuildFile; fileRef = 6C75267C29A89A24006A986F /* KeyboardInfo.swift */; };
		6C75268029A8AB8D006A986F /* DispathQueue.swift in Sources */ = {isa = PBXBuildFile; fileRef = 6C75267F29A8AB8D006A986F /* DispathQueue.swift */; };
		6CBE6586299F4F45007CF6B7 /* SettingView.swift in Sources */ = {isa = PBXBuildFile; fileRef = 6CBE6585299F4F45007CF6B7 /* SettingView.swift */; };
		6CBE6590299F5D27007CF6B7 /* ClearableTextField.swift in Sources */ = {isa = PBXBuildFile; fileRef = 6CBE658F299F5D27007CF6B7 /* ClearableTextField.swift */; };
		6CBE6593299F6C60007CF6B7 /* ProfileView.swift in Sources */ = {isa = PBXBuildFile; fileRef = 6CBE6592299F6C60007CF6B7 /* ProfileView.swift */; };
		6CBE6596299F8480007CF6B7 /* ImagePicker.swift in Sources */ = {isa = PBXBuildFile; fileRef = 6CBE6595299F8480007CF6B7 /* ImagePicker.swift */; };
		6CBE659A29A30BA0007CF6B7 /* DataService.swift in Sources */ = {isa = PBXBuildFile; fileRef = 6CBE659929A30BA0007CF6B7 /* DataService.swift */; };
		6CBE659C29A31059007CF6B7 /* ProfileDataService.swift in Sources */ = {isa = PBXBuildFile; fileRef = 6CBE659B29A31059007CF6B7 /* ProfileDataService.swift */; };
		6CBE65A029A31223007CF6B7 /* Completion.swift in Sources */ = {isa = PBXBuildFile; fileRef = 6CBE659F29A31223007CF6B7 /* Completion.swift */; };
		6CBE65A229A34B5C007CF6B7 /* APIConfig.swift in Sources */ = {isa = PBXBuildFile; fileRef = 6CBE65A129A34B5C007CF6B7 /* APIConfig.swift */; };
		6CBE65A429A35B75007CF6B7 /* MessageDataService.swift in Sources */ = {isa = PBXBuildFile; fileRef = 6CBE65A329A35B75007CF6B7 /* MessageDataService.swift */; };
		6CBE65A629A36EA4007CF6B7 /* Typealias.swift in Sources */ = {isa = PBXBuildFile; fileRef = 6CBE65A529A36EA4007CF6B7 /* Typealias.swift */; };
		6CBE65B829A3761A007CF6B7 /* MainView.swift in Sources */ = {isa = PBXBuildFile; fileRef = 6CBE65B729A3761A007CF6B7 /* MainView.swift */; };
		6CE85ACF299F307E00F7B184 /* ChatGPTApp.swift in Sources */ = {isa = PBXBuildFile; fileRef = 6CE85ABF299F307D00F7B184 /* ChatGPTApp.swift */; };
		6CE85AD1299F307E00F7B184 /* GPTView.swift in Sources */ = {isa = PBXBuildFile; fileRef = 6CE85AC0299F307D00F7B184 /* GPTView.swift */; };
		6CE85AD3299F307E00F7B184 /* Assets.xcassets in Resources */ = {isa = PBXBuildFile; fileRef = 6CE85AC1299F307E00F7B184 /* Assets.xcassets */; };
		6CE85ADE299F312500F7B184 /* ViewModel.swift in Sources */ = {isa = PBXBuildFile; fileRef = 6CE85ADD299F312500F7B184 /* ViewModel.swift */; };
		6CE85AE1299F314B00F7B184 /* Message.swift in Sources */ = {isa = PBXBuildFile; fileRef = 6CE85AE0299F314B00F7B184 /* Message.swift */; };
		6CE85AE4299F324000F7B184 /* API.swift in Sources */ = {isa = PBXBuildFile; fileRef = 6CE85AE3299F324000F7B184 /* API.swift */; };
		6CE85AE7299F32B600F7B184 /* MessageView.swift in Sources */ = {isa = PBXBuildFile; fileRef = 6CE85AE6299F32B600F7B184 /* MessageView.swift */; };
/* End PBXBuildFile section */

/* Begin PBXFileReference section */
		153E933129A0AC1A005499D7 /* Language.swift */ = {isa = PBXFileReference; lastKnownFileType = sourcecode.swift; path = Language.swift; sourceTree = "<group>"; };
		153E933429A1C813005499D7 /* ThreeDotLoadingView.swift */ = {isa = PBXFileReference; lastKnownFileType = sourcecode.swift; path = ThreeDotLoadingView.swift; sourceTree = "<group>"; };
		4708D40E29E694EE00646690 /* MusicContentView.swift */ = {isa = PBXFileReference; fileEncoding = 4; lastKnownFileType = sourcecode.swift; path = MusicContentView.swift; sourceTree = "<group>"; };
		4708D41029E694F300646690 /* music.xcassets */ = {isa = PBXFileReference; lastKnownFileType = folder.assetcatalog; path = music.xcassets; sourceTree = "<group>"; };
		4708D41229E694F700646690 /* MusicPlayer.swift */ = {isa = PBXFileReference; fileEncoding = 4; lastKnownFileType = sourcecode.swift; path = MusicPlayer.swift; sourceTree = "<group>"; };
		4708D41429E694FF00646690 /* SearchView.swift */ = {isa = PBXFileReference; fileEncoding = 4; lastKnownFileType = sourcecode.swift; path = SearchView.swift; sourceTree = "<group>"; };
		4708D41629E6950600646690 /* ListRow.swift */ = {isa = PBXFileReference; fileEncoding = 4; lastKnownFileType = sourcecode.swift; path = ListRow.swift; sourceTree = "<group>"; };
		4708D41829E6950A00646690 /* AccountView.swift */ = {isa = PBXFileReference; fileEncoding = 4; lastKnownFileType = sourcecode.swift; path = AccountView.swift; sourceTree = "<group>"; };
		4708D41A29E6951000646690 /* HexagonView.swift */ = {isa = PBXFileReference; fileEncoding = 4; lastKnownFileType = sourcecode.swift; path = HexagonView.swift; sourceTree = "<group>"; };
		4708D41C29E6951400646690 /* AnimatedBlobView.swift */ = {isa = PBXFileReference; fileEncoding = 4; lastKnownFileType = sourcecode.swift; path = AnimatedBlobView.swift; sourceTree = "<group>"; };
		4708D41E29E6951900646690 /* SignupView.swift */ = {isa = PBXFileReference; fileEncoding = 4; lastKnownFileType = sourcecode.swift; path = SignupView.swift; sourceTree = "<group>"; };
		4708D42029E6951D00646690 /* AngularButton.swift */ = {isa = PBXFileReference; fileEncoding = 4; lastKnownFileType = sourcecode.swift; path = AngularButton.swift; sourceTree = "<group>"; };
		4708D42229E6952300646690 /* Modifiers.swift */ = {isa = PBXFileReference; fileEncoding = 4; lastKnownFileType = sourcecode.swift; path = Modifiers.swift; sourceTree = "<group>"; };
		4708D42429E6952700646690 /* CustomFieldModifier.swift */ = {isa = PBXFileReference; fileEncoding = 4; lastKnownFileType = sourcecode.swift; path = CustomFieldModifier.swift; sourceTree = "<group>"; };
		4708D42629E6952B00646690 /* SigninView.swift */ = {isa = PBXFileReference; fileEncoding = 4; lastKnownFileType = sourcecode.swift; path = SigninView.swift; sourceTree = "<group>"; };
		4708D44329E7E2EF00646690 /* ARContentView.swift */ = {isa = PBXFileReference; fileEncoding = 4; lastKnownFileType = sourcecode.swift; path = ARContentView.swift; sourceTree = "<group>"; };
		4708D44429E7E2EF00646690 /* Messi.mp4 */ = {isa = PBXFileReference; lastKnownFileType = file; path = Messi.mp4; sourceTree = "<group>"; };
		4708D44529E7E2EF00646690 /* ArManager.swift */ = {isa = PBXFileReference; fileEncoding = 4; lastKnownFileType = sourcecode.swift; path = ArManager.swift; sourceTree = "<group>"; };
		4708D44629E7E2EF00646690 /* ronaldo-img.jpg */ = {isa = PBXFileReference; lastKnownFileType = image.jpeg; path = "ronaldo-img.jpg"; sourceTree = "<group>"; };
		4708D44729E7E2EF00646690 /* Messi-img.jpg */ = {isa = PBXFileReference; lastKnownFileType = image.jpeg; path = "Messi-img.jpg"; sourceTree = "<group>"; };
		4708D44829E7E2EF00646690 /* ArViewrep.swift */ = {isa = PBXFileReference; fileEncoding = 4; lastKnownFileType = sourcecode.swift; path = ArViewrep.swift; sourceTree = "<group>"; };
		4708D44A29E7E2EF00646690 /* ArView.swift */ = {isa = PBXFileReference; fileEncoding = 4; lastKnownFileType = sourcecode.swift; path = ArView.swift; sourceTree = "<group>"; };
		4708D44B29E7E2F000646690 /* ronaldo.mp4 */ = {isa = PBXFileReference; lastKnownFileType = file; path = ronaldo.mp4; sourceTree = "<group>"; };
		4708D44C29E7E2F000646690 /* ArAction.swift */ = {isa = PBXFileReference; fileEncoding = 4; lastKnownFileType = sourcecode.swift; path = ArAction.swift; sourceTree = "<group>"; };
		4708D45729E7E4CC00646690 /* cata-jj.jpg */ = {isa = PBXFileReference; lastKnownFileType = image.jpeg; path = "cata-jj.jpg"; sourceTree = "<group>"; };
		4708D45929E7E50600646690 /* Afterword.mp3 */ = {isa = PBXFileReference; lastKnownFileType = audio.mp3; path = Afterword.mp3; sourceTree = "<group>"; };
		4708D45A29E7E50600646690 /* Fractures.mp3 */ = {isa = PBXFileReference; lastKnownFileType = audio.mp3; path = Fractures.mp3; sourceTree = "<group>"; };
		4708D45E29E7E9A200646690 /* EmojiMemoryGame.swift */ = {isa = PBXFileReference; fileEncoding = 4; lastKnownFileType = sourcecode.swift; path = EmojiMemoryGame.swift; sourceTree = "<group>"; };
		4708D45F29E7E9A200646690 /* EmojiMemoryGameView.swift */ = {isa = PBXFileReference; fileEncoding = 4; lastKnownFileType = sourcecode.swift; path = EmojiMemoryGameView.swift; sourceTree = "<group>"; };
		4708D46029E7E9A200646690 /* MemoryGame.swift */ = {isa = PBXFileReference; fileEncoding = 4; lastKnownFileType = sourcecode.swift; path = MemoryGame.swift; sourceTree = "<group>"; };
		4708D46129E7E9A200646690 /* Cardify.swift */ = {isa = PBXFileReference; fileEncoding = 4; lastKnownFileType = sourcecode.swift; path = Cardify.swift; sourceTree = "<group>"; };
		4708D46229E7E9A200646690 /* ApesctVGrid.swift */ = {isa = PBXFileReference; fileEncoding = 4; lastKnownFileType = sourcecode.swift; path = ApesctVGrid.swift; sourceTree = "<group>"; };
		4708D46329E7E9A200646690 /* lec01App.swift */ = {isa = PBXFileReference; fileEncoding = 4; lastKnownFileType = sourcecode.swift; path = lec01App.swift; sourceTree = "<group>"; };
		470B2D7A29E568AE00AFB76F /* ContentView.swift */ = {isa = PBXFileReference; fileEncoding = 4; lastKnownFileType = sourcecode.swift; path = ContentView.swift; sourceTree = "<group>"; };
		470B2D7D29E568AE00AFB76F /* LocationView.swift */ = {isa = PBXFileReference; fileEncoding = 4; lastKnownFileType = sourcecode.swift; path = LocationView.swift; sourceTree = "<group>"; };
		470B2D7E29E568AE00AFB76F /* OnBoardingView.swift */ = {isa = PBXFileReference; fileEncoding = 4; lastKnownFileType = sourcecode.swift; path = OnBoardingView.swift; sourceTree = "<group>"; };
		470B2D8229E568AE00AFB76F /* FavorsView.swift */ = {isa = PBXFileReference; fileEncoding = 4; lastKnownFileType = sourcecode.swift; path = FavorsView.swift; sourceTree = "<group>"; };
		470B2D8429E568AE00AFB76F /* detailedCultureView.swift */ = {isa = PBXFileReference; fileEncoding = 4; lastKnownFileType = sourcecode.swift; path = detailedCultureView.swift; sourceTree = "<group>"; };
		470B2D8529E568AE00AFB76F /* CardView.swift */ = {isa = PBXFileReference; fileEncoding = 4; lastKnownFileType = sourcecode.swift; path = CardView.swift; sourceTree = "<group>"; };
		470B2D8629E568AE00AFB76F /* AllCardsView.swift */ = {isa = PBXFileReference; fileEncoding = 4; lastKnownFileType = sourcecode.swift; path = AllCardsView.swift; sourceTree = "<group>"; };
		470B2D8729E568AE00AFB76F /* PicksCardView.swift */ = {isa = PBXFileReference; fileEncoding = 4; lastKnownFileType = sourcecode.swift; path = PicksCardView.swift; sourceTree = "<group>"; };
		470B2D8929E568AE00AFB76F /* MyCategoriesView.swift */ = {isa = PBXFileReference; fileEncoding = 4; lastKnownFileType = sourcecode.swift; path = MyCategoriesView.swift; sourceTree = "<group>"; };
		470B2D8A29E568AE00AFB76F /* HomeView.swift */ = {isa = PBXFileReference; fileEncoding = 4; lastKnownFileType = sourcecode.swift; path = HomeView.swift; sourceTree = "<group>"; };
		470B2D8B29E568AE00AFB76F /* HomeNavigationView.swift */ = {isa = PBXFileReference; fileEncoding = 4; lastKnownFileType = sourcecode.swift; path = HomeNavigationView.swift; sourceTree = "<group>"; };
		470B2D8F29E568AE00AFB76F /* CultureInheritanceVM.swift */ = {isa = PBXFileReference; fileEncoding = 4; lastKnownFileType = sourcecode.swift; path = CultureInheritanceVM.swift; sourceTree = "<group>"; };
		470B2D9029E568AE00AFB76F /* InheritanceApp.swift */ = {isa = PBXFileReference; fileEncoding = 4; lastKnownFileType = sourcecode.swift; path = InheritanceApp.swift; sourceTree = "<group>"; };
		470B2D9229E568AE00AFB76F /* CultureInheritance.swift */ = {isa = PBXFileReference; fileEncoding = 4; lastKnownFileType = sourcecode.swift; path = CultureInheritance.swift; sourceTree = "<group>"; };
		470B2D9329E568AE00AFB76F /* OnBoarding.swift */ = {isa = PBXFileReference; fileEncoding = 4; lastKnownFileType = sourcecode.swift; path = OnBoarding.swift; sourceTree = "<group>"; };
		6C30875829A5B017006371BD /* DestructiveButtonStyle.swift */ = {isa = PBXFileReference; lastKnownFileType = sourcecode.swift; path = DestructiveButtonStyle.swift; sourceTree = "<group>"; };
		6C30875C29A5BC57006371BD /* View+Extension.swift */ = {isa = PBXFileReference; lastKnownFileType = sourcecode.swift; path = "View+Extension.swift"; sourceTree = "<group>"; };
		6C30875F29A5C229006371BD /* PrimaryActionButtonStyle.swift */ = {isa = PBXFileReference; lastKnownFileType = sourcecode.swift; path = PrimaryActionButtonStyle.swift; sourceTree = "<group>"; };
		6C75264F29A777CC006A986F /* Model.swift */ = {isa = PBXFileReference; lastKnownFileType = sourcecode.swift; path = Model.swift; sourceTree = "<group>"; };
		6C75267C29A89A24006A986F /* KeyboardInfo.swift */ = {isa = PBXFileReference; lastKnownFileType = sourcecode.swift; path = KeyboardInfo.swift; sourceTree = "<group>"; };
		6C75267F29A8AB8D006A986F /* DispathQueue.swift */ = {isa = PBXFileReference; lastKnownFileType = sourcecode.swift; path = DispathQueue.swift; sourceTree = "<group>"; };
		6CBE6585299F4F45007CF6B7 /* SettingView.swift */ = {isa = PBXFileReference; lastKnownFileType = sourcecode.swift; path = SettingView.swift; sourceTree = "<group>"; };
		6CBE658F299F5D27007CF6B7 /* ClearableTextField.swift */ = {isa = PBXFileReference; lastKnownFileType = sourcecode.swift; path = ClearableTextField.swift; sourceTree = "<group>"; };
		6CBE6592299F6C60007CF6B7 /* ProfileView.swift */ = {isa = PBXFileReference; lastKnownFileType = sourcecode.swift; path = ProfileView.swift; sourceTree = "<group>"; };
		6CBE6595299F8480007CF6B7 /* ImagePicker.swift */ = {isa = PBXFileReference; lastKnownFileType = sourcecode.swift; path = ImagePicker.swift; sourceTree = "<group>"; };
		6CBE659929A30BA0007CF6B7 /* DataService.swift */ = {isa = PBXFileReference; lastKnownFileType = sourcecode.swift; path = DataService.swift; sourceTree = "<group>"; };
		6CBE659B29A31059007CF6B7 /* ProfileDataService.swift */ = {isa = PBXFileReference; lastKnownFileType = sourcecode.swift; path = ProfileDataService.swift; sourceTree = "<group>"; };
		6CBE659F29A31223007CF6B7 /* Completion.swift */ = {isa = PBXFileReference; lastKnownFileType = sourcecode.swift; path = Completion.swift; sourceTree = "<group>"; };
		6CBE65A129A34B5C007CF6B7 /* APIConfig.swift */ = {isa = PBXFileReference; lastKnownFileType = sourcecode.swift; path = APIConfig.swift; sourceTree = "<group>"; };
		6CBE65A329A35B75007CF6B7 /* MessageDataService.swift */ = {isa = PBXFileReference; lastKnownFileType = sourcecode.swift; path = MessageDataService.swift; sourceTree = "<group>"; };
		6CBE65A529A36EA4007CF6B7 /* Typealias.swift */ = {isa = PBXFileReference; lastKnownFileType = sourcecode.swift; path = Typealias.swift; sourceTree = "<group>"; };
		6CBE65B729A3761A007CF6B7 /* MainView.swift */ = {isa = PBXFileReference; lastKnownFileType = sourcecode.swift; path = MainView.swift; sourceTree = "<group>"; };
		6CE85ABF299F307D00F7B184 /* ChatGPTApp.swift */ = {isa = PBXFileReference; lastKnownFileType = sourcecode.swift; path = ChatGPTApp.swift; sourceTree = "<group>"; };
		6CE85AC0299F307D00F7B184 /* GPTView.swift */ = {isa = PBXFileReference; lastKnownFileType = sourcecode.swift; path = GPTView.swift; sourceTree = "<group>"; };
		6CE85AC1299F307E00F7B184 /* Assets.xcassets */ = {isa = PBXFileReference; lastKnownFileType = folder.assetcatalog; path = Assets.xcassets; sourceTree = "<group>"; };
		6CE85AC6299F307E00F7B184 /* ChatGPT.app */ = {isa = PBXFileReference; explicitFileType = wrapper.application; includeInIndex = 0; path = ChatGPT.app; sourceTree = BUILT_PRODUCTS_DIR; };
		6CE85ADD299F312500F7B184 /* ViewModel.swift */ = {isa = PBXFileReference; lastKnownFileType = sourcecode.swift; path = ViewModel.swift; sourceTree = "<group>"; };
		6CE85AE0299F314B00F7B184 /* Message.swift */ = {isa = PBXFileReference; lastKnownFileType = sourcecode.swift; path = Message.swift; sourceTree = "<group>"; };
		6CE85AE3299F324000F7B184 /* API.swift */ = {isa = PBXFileReference; lastKnownFileType = sourcecode.swift; path = API.swift; sourceTree = "<group>"; };
		6CE85AE6299F32B600F7B184 /* MessageView.swift */ = {isa = PBXFileReference; fileEncoding = 4; lastKnownFileType = sourcecode.swift; path = MessageView.swift; sourceTree = "<group>"; };
/* End PBXFileReference section */

/* Begin PBXFrameworksBuildPhase section */
		6CE85AC3299F307E00F7B184 /* Frameworks */ = {
			isa = PBXFrameworksBuildPhase;
			buildActionMask = 2147483647;
			files = (
				6C30876729A5C924006371BD /* MarkdownUI in Frameworks */,
			);
			runOnlyForDeploymentPostprocessing = 0;
		};
/* End PBXFrameworksBuildPhase section */

/* Begin PBXGroup section */
		15EE19BB299FBD3F004FF260 /* Components */ = {
			isa = PBXGroup;
			children = (
				6CBE658F299F5D27007CF6B7 /* ClearableTextField.swift */,
				6CBE6592299F6C60007CF6B7 /* ProfileView.swift */,
				153E933429A1C813005499D7 /* ThreeDotLoadingView.swift */,
				6C30875829A5B017006371BD /* DestructiveButtonStyle.swift */,
				6C30875F29A5C229006371BD /* PrimaryActionButtonStyle.swift */,
			);
			path = Components;
			sourceTree = "<group>";
		};
		4708D44229E7E2DC00646690 /* AR */ = {
			isa = PBXGroup;
			children = (
				4708D44C29E7E2F000646690 /* ArAction.swift */,
				4708D44529E7E2EF00646690 /* ArManager.swift */,
				4708D44A29E7E2EF00646690 /* ArView.swift */,
				4708D44829E7E2EF00646690 /* ArViewrep.swift */,
				4708D44329E7E2EF00646690 /* ARContentView.swift */,
				4708D44729E7E2EF00646690 /* Messi-img.jpg */,
				4708D44429E7E2EF00646690 /* Messi.mp4 */,
				4708D44629E7E2EF00646690 /* ronaldo-img.jpg */,
				4708D44B29E7E2F000646690 /* ronaldo.mp4 */,
			);
			path = AR;
			sourceTree = "<group>";
		};
		4708D45D29E7E92E00646690 /* Part3 */ = {
			isa = PBXGroup;
			children = (
				4708D46229E7E9A200646690 /* ApesctVGrid.swift */,
				4708D46129E7E9A200646690 /* Cardify.swift */,
				4708D45E29E7E9A200646690 /* EmojiMemoryGame.swift */,
				4708D45F29E7E9A200646690 /* EmojiMemoryGameView.swift */,
				4708D46329E7E9A200646690 /* lec01App.swift */,
				4708D46029E7E9A200646690 /* MemoryGame.swift */,
			);
			path = Part3;
			sourceTree = "<group>";
		};
		470B2D7829E5686C00AFB76F /* Part1 */ = {
			isa = PBXGroup;
			children = (
				6CE85ABE299F307D00F7B184 /* Shared */,
				6CBE65AD29A3716D007CF6B7 /* iOS */,
				6CE85AC7299F307E00F7B184 /* Products */,
				6CCB02EC29A5DB7000F3BC85 /* Frameworks */,
			);
			path = Part1;
			sourceTree = "<group>";
		};
		470B2D7929E5688000AFB76F /* Part2 */ = {
			isa = PBXGroup;
			children = (
				470B2D9029E568AE00AFB76F /* InheritanceApp.swift */,
				470B2D7A29E568AE00AFB76F /* ContentView.swift */,
				470B2D9129E568AE00AFB76F /* Model */,
				470B2D8E29E568AE00AFB76F /* ViewModels */,
				470B2D7B29E568AE00AFB76F /* Views */,
			);
			path = Part2;
			sourceTree = "<group>";
		};
		470B2D7B29E568AE00AFB76F /* Views */ = {
			isa = PBXGroup;
			children = (
				470B2D7C29E568AE00AFB76F /* OnBoardingViews */,
				470B2D7F29E568AE00AFB76F /* GPT */,
				470B2D8129E568AE00AFB76F /* FavorsView */,
				470B2D8329E568AE00AFB76F /* AllCardsViews */,
				470B2D8829E568AE00AFB76F /* HomeViews */,
			);
			path = Views;
			sourceTree = "<group>";
		};
		470B2D7C29E568AE00AFB76F /* OnBoardingViews */ = {
			isa = PBXGroup;
			children = (
				470B2D7D29E568AE00AFB76F /* LocationView.swift */,
				470B2D7E29E568AE00AFB76F /* OnBoardingView.swift */,
			);
			path = OnBoardingViews;
			sourceTree = "<group>";
		};
		470B2D7F29E568AE00AFB76F /* GPT */ = {
			isa = PBXGroup;
			children = (
			);
			path = GPT;
			sourceTree = "<group>";
		};
		470B2D8129E568AE00AFB76F /* FavorsView */ = {
			isa = PBXGroup;
			children = (
				470B2D8229E568AE00AFB76F /* FavorsView.swift */,
			);
			path = FavorsView;
			sourceTree = "<group>";
		};
		470B2D8329E568AE00AFB76F /* AllCardsViews */ = {
			isa = PBXGroup;
			children = (
				470B2D8429E568AE00AFB76F /* detailedCultureView.swift */,
				470B2D8529E568AE00AFB76F /* CardView.swift */,
				470B2D8629E568AE00AFB76F /* AllCardsView.swift */,
				470B2D8729E568AE00AFB76F /* PicksCardView.swift */,
			);
			path = AllCardsViews;
			sourceTree = "<group>";
		};
		470B2D8829E568AE00AFB76F /* HomeViews */ = {
			isa = PBXGroup;
			children = (
				4708D41029E694F300646690 /* music.xcassets */,
				470B2D8929E568AE00AFB76F /* MyCategoriesView.swift */,
				4708D40E29E694EE00646690 /* MusicContentView.swift */,
				4708D41829E6950A00646690 /* AccountView.swift */,
				4708D41629E6950600646690 /* ListRow.swift */,
				4708D45929E7E50600646690 /* Afterword.mp3 */,
				4708D45A29E7E50600646690 /* Fractures.mp3 */,
				4708D41229E694F700646690 /* MusicPlayer.swift */,
				4708D41429E694FF00646690 /* SearchView.swift */,
				4708D45729E7E4CC00646690 /* cata-jj.jpg */,
				4708D41A29E6951000646690 /* HexagonView.swift */,
				4708D41C29E6951400646690 /* AnimatedBlobView.swift */,
				4708D42429E6952700646690 /* CustomFieldModifier.swift */,
				4708D42029E6951D00646690 /* AngularButton.swift */,
				4708D42629E6952B00646690 /* SigninView.swift */,
				470B2D8A29E568AE00AFB76F /* HomeView.swift */,
				4708D41E29E6951900646690 /* SignupView.swift */,
				4708D42229E6952300646690 /* Modifiers.swift */,
				470B2D8B29E568AE00AFB76F /* HomeNavigationView.swift */,
			);
			path = HomeViews;
			sourceTree = "<group>";
		};
		470B2D8E29E568AE00AFB76F /* ViewModels */ = {
			isa = PBXGroup;
			children = (
				470B2D8F29E568AE00AFB76F /* CultureInheritanceVM.swift */,
			);
			path = ViewModels;
			sourceTree = "<group>";
		};
		470B2D9129E568AE00AFB76F /* Model */ = {
			isa = PBXGroup;
			children = (
				470B2D9229E568AE00AFB76F /* CultureInheritance.swift */,
				470B2D9329E568AE00AFB76F /* OnBoarding.swift */,
			);
			path = Model;
			sourceTree = "<group>";
		};
		6C30875B29A5BC3B006371BD /* Extension */ = {
			isa = PBXGroup;
			children = (
				6C30875C29A5BC57006371BD /* View+Extension.swift */,
				6C75267F29A8AB8D006A986F /* DispathQueue.swift */,
			);
			path = Extension;
			sourceTree = "<group>";
		};
		6C75267E29A89A2B006A986F /* ViewModel */ = {
			isa = PBXGroup;
			children = (
				6C75267C29A89A24006A986F /* KeyboardInfo.swift */,
			);
			path = ViewModel;
			sourceTree = "<group>";
		};
		6CBE6588299F551E007CF6B7 /* View */ = {
			isa = PBXGroup;
			children = (
				15EE19BB299FBD3F004FF260 /* Components */,
				6CE85AE6299F32B600F7B184 /* MessageView.swift */,
				6CBE6585299F4F45007CF6B7 /* SettingView.swift */,
				6CBE65B729A3761A007CF6B7 /* MainView.swift */,
			);
			path = View;
			sourceTree = "<group>";
		};
		6CBE6589299F552C007CF6B7 /* Model */ = {
			isa = PBXGroup;
			children = (
				6CE85AE0299F314B00F7B184 /* Message.swift */,
				153E933129A0AC1A005499D7 /* Language.swift */,
				6CBE659F29A31223007CF6B7 /* Completion.swift */,
				6C75264F29A777CC006A986F /* Model.swift */,
			);
			path = Model;
			sourceTree = "<group>";
		};
		6CBE658A299F553A007CF6B7 /* ViewModel */ = {
			isa = PBXGroup;
			children = (
				6CE85ADD299F312500F7B184 /* ViewModel.swift */,
			);
			path = ViewModel;
			sourceTree = "<group>";
		};
		6CBE658B299F5549007CF6B7 /* API */ = {
			isa = PBXGroup;
			children = (
				6CE85AE3299F324000F7B184 /* API.swift */,
				6CBE65A129A34B5C007CF6B7 /* APIConfig.swift */,
			);
			path = API;
			sourceTree = "<group>";
		};
		6CBE659829A30B8D007CF6B7 /* Service */ = {
			isa = PBXGroup;
			children = (
				6CBE659929A30BA0007CF6B7 /* DataService.swift */,
				6CBE659B29A31059007CF6B7 /* ProfileDataService.swift */,
				6CBE65A329A35B75007CF6B7 /* MessageDataService.swift */,
			);
			path = Service;
			sourceTree = "<group>";
		};
		6CBE65AD29A3716D007CF6B7 /* iOS */ = {
			isa = PBXGroup;
			children = (
				6C75267E29A89A2B006A986F /* ViewModel */,
				6CFBAF4529A496EC003042C2 /* View */,
				6CE85ABF299F307D00F7B184 /* ChatGPTApp.swift */,
			);
			path = iOS;
			sourceTree = "<group>";
		};
		6CCB02EC29A5DB7000F3BC85 /* Frameworks */ = {
			isa = PBXGroup;
			children = (
			);
			name = Frameworks;
			path = ..;
			sourceTree = "<group>";
		};
		6CE85AB9299F307C00F7B184 = {
			isa = PBXGroup;
			children = (
				4708D44229E7E2DC00646690 /* AR */,
				470B2D7829E5686C00AFB76F /* Part1 */,
				470B2D7929E5688000AFB76F /* Part2 */,
				4708D45D29E7E92E00646690 /* Part3 */,
				6CE85AC1299F307E00F7B184 /* Assets.xcassets */,
			);
			sourceTree = "<group>";
		};
		6CE85ABE299F307D00F7B184 /* Shared */ = {
			isa = PBXGroup;
			children = (
				6CBE65A529A36EA4007CF6B7 /* Typealias.swift */,
				6C30875B29A5BC3B006371BD /* Extension */,
				6CBE659829A30B8D007CF6B7 /* Service */,
				6CBE658B299F5549007CF6B7 /* API */,
				6CBE658A299F553A007CF6B7 /* ViewModel */,
				6CBE6589299F552C007CF6B7 /* Model */,
				6CBE6588299F551E007CF6B7 /* View */,
			);
			path = Shared;
			sourceTree = "<group>";
		};
		6CE85AC7299F307E00F7B184 /* Products */ = {
			isa = PBXGroup;
			children = (
				6CE85AC6299F307E00F7B184 /* ChatGPT.app */,
			);
			name = Products;
			path = ..;
			sourceTree = "<group>";
		};
		6CFBAF4529A496EC003042C2 /* View */ = {
			isa = PBXGroup;
			children = (
				6CFBAF4629A496F2003042C2 /* Components */,
				6CE85AC0299F307D00F7B184 /* GPTView.swift */,
			);
			path = View;
			sourceTree = "<group>";
		};
		6CFBAF4629A496F2003042C2 /* Components */ = {
			isa = PBXGroup;
			children = (
				6CBE6595299F8480007CF6B7 /* ImagePicker.swift */,
			);
			path = Components;
			sourceTree = "<group>";
		};
/* End PBXGroup section */

/* Begin PBXNativeTarget section */
		6CE85AC5299F307E00F7B184 /* ChatGPT (iOS) */ = {
			isa = PBXNativeTarget;
			buildConfigurationList = 6CE85AD7299F307E00F7B184 /* Build configuration list for PBXNativeTarget "ChatGPT (iOS)" */;
			buildPhases = (
				6CE85AC2299F307E00F7B184 /* Sources */,
				6CE85AC3299F307E00F7B184 /* Frameworks */,
				6CE85AC4299F307E00F7B184 /* Resources */,
			);
			buildRules = (
			);
			dependencies = (
			);
			name = "ChatGPT (iOS)";
			packageProductDependencies = (
				6C30876629A5C924006371BD /* MarkdownUI */,
			);
			productName = "ChatGPT (iOS)";
			productReference = 6CE85AC6299F307E00F7B184 /* ChatGPT.app */;
			productType = "com.apple.product-type.application";
		};
/* End PBXNativeTarget section */

/* Begin PBXProject section */
		6CE85ABA299F307C00F7B184 /* Project object */ = {
			isa = PBXProject;
			attributes = {
				BuildIndependentTargetsInParallel = 1;
				LastSwiftUpdateCheck = 1330;
				LastUpgradeCheck = 1400;
				TargetAttributes = {
					6CE85AC5299F307E00F7B184 = {
						CreatedOnToolsVersion = 13.3.1;
					};
				};
			};
			buildConfigurationList = 6CE85ABD299F307C00F7B184 /* Build configuration list for PBXProject "ChatGPT" */;
			compatibilityVersion = "Xcode 13.0";
			developmentRegion = en;
			hasScannedForEncodings = 0;
			knownRegions = (
				en,
				Base,
			);
			mainGroup = 6CE85AB9299F307C00F7B184;
			packageReferences = (
				6C30876529A5C924006371BD /* XCRemoteSwiftPackageReference "swift-markdown-ui" */,
			);
			productRefGroup = 6CE85AC7299F307E00F7B184 /* Products */;
			projectDirPath = "";
			projectRoot = "";
			targets = (
				6CE85AC5299F307E00F7B184 /* ChatGPT (iOS) */,
			);
		};
/* End PBXProject section */

/* Begin PBXResourcesBuildPhase section */
		6CE85AC4299F307E00F7B184 /* Resources */ = {
			isa = PBXResourcesBuildPhase;
			buildActionMask = 2147483647;
			files = (
				4708D44E29E7E2F000646690 /* Messi.mp4 in Resources */,
				6CE85AD3299F307E00F7B184 /* Assets.xcassets in Resources */,
				4708D45129E7E2F000646690 /* Messi-img.jpg in Resources */,
				4708D45829E7E4CC00646690 /* cata-jj.jpg in Resources */,
				4708D41129E694F300646690 /* music.xcassets in Resources */,
				4708D45029E7E2F000646690 /* ronaldo-img.jpg in Resources */,
				4708D45B29E7E50600646690 /* Afterword.mp3 in Resources */,
				4708D45C29E7E50600646690 /* Fractures.mp3 in Resources */,
				4708D45529E7E2F000646690 /* ronaldo.mp4 in Resources */,
			);
			runOnlyForDeploymentPostprocessing = 0;
		};
/* End PBXResourcesBuildPhase section */

/* Begin PBXSourcesBuildPhase section */
		6CE85AC2299F307E00F7B184 /* Sources */ = {
			isa = PBXSourcesBuildPhase;
			buildActionMask = 2147483647;
			files = (
				4708D45429E7E2F000646690 /* ArView.swift in Sources */,
				6CE85AE1299F314B00F7B184 /* Message.swift in Sources */,
				4708D46529E7E9A200646690 /* EmojiMemoryGameView.swift in Sources */,
				4708D40F29E694EE00646690 /* MusicContentView.swift in Sources */,
				4708D42729E6952B00646690 /* SigninView.swift in Sources */,
				4708D44D29E7E2F000646690 /* ARContentView.swift in Sources */,
				470B2DA329E568AE00AFB76F /* CultureInheritance.swift in Sources */,
				470B2D9429E568AE00AFB76F /* ContentView.swift in Sources */,
				470B2DA129E568AE00AFB76F /* CultureInheritanceVM.swift in Sources */,
				4708D45229E7E2F000646690 /* ArViewrep.swift in Sources */,
				6CBE65A429A35B75007CF6B7 /* MessageDataService.swift in Sources */,
				6C75267D29A89A25006A986F /* KeyboardInfo.swift in Sources */,
				470B2D9F29E568AE00AFB76F /* HomeNavigationView.swift in Sources */,
				4708D41729E6950600646690 /* ListRow.swift in Sources */,
				6CBE6593299F6C60007CF6B7 /* ProfileView.swift in Sources */,
				4708D45629E7E2F000646690 /* ArAction.swift in Sources */,
				470B2D9829E568AE00AFB76F /* FavorsView.swift in Sources */,
				6CE85AD1299F307E00F7B184 /* GPTView.swift in Sources */,
				4708D41F29E6951900646690 /* SignupView.swift in Sources */,
				6CBE6590299F5D27007CF6B7 /* ClearableTextField.swift in Sources */,
				6C75268029A8AB8D006A986F /* DispathQueue.swift in Sources */,
				470B2D9E29E568AE00AFB76F /* HomeView.swift in Sources */,
				4708D41529E694FF00646690 /* SearchView.swift in Sources */,
				6CBE65B829A3761A007CF6B7 /* MainView.swift in Sources */,
				470B2D9629E568AE00AFB76F /* OnBoardingView.swift in Sources */,
				470B2D9C29E568AE00AFB76F /* PicksCardView.swift in Sources */,
				6CE85ADE299F312500F7B184 /* ViewModel.swift in Sources */,
				6CE85AE7299F32B600F7B184 /* MessageView.swift in Sources */,
				6C30876029A5C229006371BD /* PrimaryActionButtonStyle.swift in Sources */,
				6CBE65A629A36EA4007CF6B7 /* Typealias.swift in Sources */,
				4708D46929E7E9A200646690 /* lec01App.swift in Sources */,
				4708D42329E6952300646690 /* Modifiers.swift in Sources */,
				6CBE6596299F8480007CF6B7 /* ImagePicker.swift in Sources */,
				4708D41929E6950A00646690 /* AccountView.swift in Sources */,
				470B2D9B29E568AE00AFB76F /* AllCardsView.swift in Sources */,
				4708D46429E7E9A200646690 /* EmojiMemoryGame.swift in Sources */,
				4708D46729E7E9A200646690 /* Cardify.swift in Sources */,
				153E933529A1C814005499D7 /* ThreeDotLoadingView.swift in Sources */,
				470B2DA429E568AE00AFB76F /* OnBoarding.swift in Sources */,
				4708D46829E7E9A200646690 /* ApesctVGrid.swift in Sources */,
				6CBE659A29A30BA0007CF6B7 /* DataService.swift in Sources */,
				6CBE6586299F4F45007CF6B7 /* SettingView.swift in Sources */,
				6C75265029A777CC006A986F /* Model.swift in Sources */,
				4708D42529E6952700646690 /* CustomFieldModifier.swift in Sources */,
				6CBE65A229A34B5C007CF6B7 /* APIConfig.swift in Sources */,
				153E933229A0AC1A005499D7 /* Language.swift in Sources */,
				6C30875929A5B017006371BD /* DestructiveButtonStyle.swift in Sources */,
				6CBE65A029A31223007CF6B7 /* Completion.swift in Sources */,
				4708D42129E6951D00646690 /* AngularButton.swift in Sources */,
				4708D41329E694F700646690 /* MusicPlayer.swift in Sources */,
				6CE85ACF299F307E00F7B184 /* ChatGPTApp.swift in Sources */,
				6CE85AE4299F324000F7B184 /* API.swift in Sources */,
				470B2DA229E568AE00AFB76F /* InheritanceApp.swift in Sources */,
				6C30875D29A5BC57006371BD /* View+Extension.swift in Sources */,
				470B2D9D29E568AE00AFB76F /* MyCategoriesView.swift in Sources */,
				4708D46629E7E9A200646690 /* MemoryGame.swift in Sources */,
				470B2D9529E568AE00AFB76F /* LocationView.swift in Sources */,
				470B2D9929E568AE00AFB76F /* detailedCultureView.swift in Sources */,
				470B2D9A29E568AE00AFB76F /* CardView.swift in Sources */,
				6CBE659C29A31059007CF6B7 /* ProfileDataService.swift in Sources */,
				4708D41D29E6951400646690 /* AnimatedBlobView.swift in Sources */,
				4708D44F29E7E2F000646690 /* ArManager.swift in Sources */,
				4708D41B29E6951000646690 /* HexagonView.swift in Sources */,
			);
			runOnlyForDeploymentPostprocessing = 0;
		};
/* End PBXSourcesBuildPhase section */

/* Begin XCBuildConfiguration section */
		6CE85AD5299F307E00F7B184 /* Debug */ = {
			isa = XCBuildConfiguration;
			buildSettings = {
				ALWAYS_SEARCH_USER_PATHS = NO;
				CLANG_ANALYZER_NONNULL = YES;
				CLANG_ANALYZER_NUMBER_OBJECT_CONVERSION = YES_AGGRESSIVE;
				CLANG_CXX_LANGUAGE_STANDARD = "gnu++17";
				CLANG_ENABLE_MODULES = YES;
				CLANG_ENABLE_OBJC_ARC = YES;
				CLANG_ENABLE_OBJC_WEAK = YES;
				CLANG_WARN_BLOCK_CAPTURE_AUTORELEASING = YES;
				CLANG_WARN_BOOL_CONVERSION = YES;
				CLANG_WARN_COMMA = YES;
				CLANG_WARN_CONSTANT_CONVERSION = YES;
				CLANG_WARN_DEPRECATED_OBJC_IMPLEMENTATIONS = YES;
				CLANG_WARN_DIRECT_OBJC_ISA_USAGE = YES_ERROR;
				CLANG_WARN_DOCUMENTATION_COMMENTS = YES;
				CLANG_WARN_EMPTY_BODY = YES;
				CLANG_WARN_ENUM_CONVERSION = YES;
				CLANG_WARN_INFINITE_RECURSION = YES;
				CLANG_WARN_INT_CONVERSION = YES;
				CLANG_WARN_NON_LITERAL_NULL_CONVERSION = YES;
				CLANG_WARN_OBJC_IMPLICIT_RETAIN_SELF = YES;
				CLANG_WARN_OBJC_LITERAL_CONVERSION = YES;
				CLANG_WARN_OBJC_ROOT_CLASS = YES_ERROR;
				CLANG_WARN_QUOTED_INCLUDE_IN_FRAMEWORK_HEADER = YES;
				CLANG_WARN_RANGE_LOOP_ANALYSIS = YES;
				CLANG_WARN_STRICT_PROTOTYPES = YES;
				CLANG_WARN_SUSPICIOUS_MOVE = YES;
				CLANG_WARN_UNGUARDED_AVAILABILITY = YES_AGGRESSIVE;
				CLANG_WARN_UNREACHABLE_CODE = YES;
				CLANG_WARN__DUPLICATE_METHOD_MATCH = YES;
				COPY_PHASE_STRIP = NO;
				DEAD_CODE_STRIPPING = YES;
				DEBUG_INFORMATION_FORMAT = dwarf;
				ENABLE_STRICT_OBJC_MSGSEND = YES;
				ENABLE_TESTABILITY = YES;
				GCC_C_LANGUAGE_STANDARD = gnu11;
				GCC_DYNAMIC_NO_PIC = NO;
				GCC_NO_COMMON_BLOCKS = YES;
				GCC_OPTIMIZATION_LEVEL = 0;
				GCC_PREPROCESSOR_DEFINITIONS = (
					"DEBUG=1",
					"$(inherited)",
				);
				GCC_WARN_64_TO_32_BIT_CONVERSION = YES;
				GCC_WARN_ABOUT_RETURN_TYPE = YES_ERROR;
				GCC_WARN_UNDECLARED_SELECTOR = YES;
				GCC_WARN_UNINITIALIZED_AUTOS = YES_AGGRESSIVE;
				GCC_WARN_UNUSED_FUNCTION = YES;
				GCC_WARN_UNUSED_VARIABLE = YES;
				MTL_ENABLE_DEBUG_INFO = INCLUDE_SOURCE;
				MTL_FAST_MATH = YES;
				ONLY_ACTIVE_ARCH = YES;
				SWIFT_ACTIVE_COMPILATION_CONDITIONS = DEBUG;
				SWIFT_OPTIMIZATION_LEVEL = "-Onone";
			};
			name = Debug;
		};
		6CE85AD6299F307E00F7B184 /* Release */ = {
			isa = XCBuildConfiguration;
			buildSettings = {
				ALWAYS_SEARCH_USER_PATHS = NO;
				CLANG_ANALYZER_NONNULL = YES;
				CLANG_ANALYZER_NUMBER_OBJECT_CONVERSION = YES_AGGRESSIVE;
				CLANG_CXX_LANGUAGE_STANDARD = "gnu++17";
				CLANG_ENABLE_MODULES = YES;
				CLANG_ENABLE_OBJC_ARC = YES;
				CLANG_ENABLE_OBJC_WEAK = YES;
				CLANG_WARN_BLOCK_CAPTURE_AUTORELEASING = YES;
				CLANG_WARN_BOOL_CONVERSION = YES;
				CLANG_WARN_COMMA = YES;
				CLANG_WARN_CONSTANT_CONVERSION = YES;
				CLANG_WARN_DEPRECATED_OBJC_IMPLEMENTATIONS = YES;
				CLANG_WARN_DIRECT_OBJC_ISA_USAGE = YES_ERROR;
				CLANG_WARN_DOCUMENTATION_COMMENTS = YES;
				CLANG_WARN_EMPTY_BODY = YES;
				CLANG_WARN_ENUM_CONVERSION = YES;
				CLANG_WARN_INFINITE_RECURSION = YES;
				CLANG_WARN_INT_CONVERSION = YES;
				CLANG_WARN_NON_LITERAL_NULL_CONVERSION = YES;
				CLANG_WARN_OBJC_IMPLICIT_RETAIN_SELF = YES;
				CLANG_WARN_OBJC_LITERAL_CONVERSION = YES;
				CLANG_WARN_OBJC_ROOT_CLASS = YES_ERROR;
				CLANG_WARN_QUOTED_INCLUDE_IN_FRAMEWORK_HEADER = YES;
				CLANG_WARN_RANGE_LOOP_ANALYSIS = YES;
				CLANG_WARN_STRICT_PROTOTYPES = YES;
				CLANG_WARN_SUSPICIOUS_MOVE = YES;
				CLANG_WARN_UNGUARDED_AVAILABILITY = YES_AGGRESSIVE;
				CLANG_WARN_UNREACHABLE_CODE = YES;
				CLANG_WARN__DUPLICATE_METHOD_MATCH = YES;
				COPY_PHASE_STRIP = NO;
				DEAD_CODE_STRIPPING = YES;
				DEBUG_INFORMATION_FORMAT = "dwarf-with-dsym";
				ENABLE_NS_ASSERTIONS = NO;
				ENABLE_STRICT_OBJC_MSGSEND = YES;
				GCC_C_LANGUAGE_STANDARD = gnu11;
				GCC_NO_COMMON_BLOCKS = YES;
				GCC_WARN_64_TO_32_BIT_CONVERSION = YES;
				GCC_WARN_ABOUT_RETURN_TYPE = YES_ERROR;
				GCC_WARN_UNDECLARED_SELECTOR = YES;
				GCC_WARN_UNINITIALIZED_AUTOS = YES_AGGRESSIVE;
				GCC_WARN_UNUSED_FUNCTION = YES;
				GCC_WARN_UNUSED_VARIABLE = YES;
				MTL_ENABLE_DEBUG_INFO = NO;
				MTL_FAST_MATH = YES;
				SWIFT_COMPILATION_MODE = wholemodule;
				SWIFT_OPTIMIZATION_LEVEL = "-O";
			};
			name = Release;
		};
		6CE85AD8299F307E00F7B184 /* Debug */ = {
			isa = XCBuildConfiguration;
			buildSettings = {
				ASSETCATALOG_COMPILER_GLOBAL_ACCENT_COLOR_NAME = AccentColor;
				ASSETCATALOG_COMPILER_INCLUDE_ALL_APPICON_ASSETS = YES;
				CODE_SIGN_IDENTITY = "iPhone Developer";
				CODE_SIGN_STYLE = Manual;
				CURRENT_PROJECT_VERSION = 1;
				DEVELOPMENT_TEAM = F8ARKU83W2;
				ENABLE_PREVIEWS = YES;
				GENERATE_INFOPLIST_FILE = YES;
				INFOPLIST_KEY_NSPhotoLibraryAddUsageDescription = "Use photo as a profile icon";
				INFOPLIST_KEY_NSPhotoLibraryUsageDescription = "Use photo as a profile icon";
				INFOPLIST_KEY_UIApplicationSceneManifest_Generation = YES;
				INFOPLIST_KEY_UIApplicationSupportsIndirectInputEvents = YES;
				INFOPLIST_KEY_UILaunchScreen_Generation = YES;
				INFOPLIST_KEY_UISupportedInterfaceOrientations_iPad = "UIInterfaceOrientationPortrait UIInterfaceOrientationPortraitUpsideDown UIInterfaceOrientationLandscapeLeft UIInterfaceOrientationLandscapeRight";
				INFOPLIST_KEY_UISupportedInterfaceOrientations_iPhone = "UIInterfaceOrientationPortrait UIInterfaceOrientationLandscapeLeft UIInterfaceOrientationLandscapeRight";
				IPHONEOS_DEPLOYMENT_TARGET = 15.0;
				LD_RUNPATH_SEARCH_PATHS = (
					"$(inherited)",
					"@executable_path/Frameworks",
				);
				MARKETING_VERSION = 1.0;
				PRODUCT_BUNDLE_IDENTIFIER = com.aim.warofgiantsios;
				PRODUCT_NAME = ChatGPT;
				PROVISIONING_PROFILE_SPECIFIER = war_of_giants_dev_2022_02_17;
				SDKROOT = iphoneos;
				SWIFT_EMIT_LOC_STRINGS = YES;
				SWIFT_VERSION = 5.0;
				TARGETED_DEVICE_FAMILY = "1,2";
			};
			name = Debug;
		};
		6CE85AD9299F307E00F7B184 /* Release */ = {
			isa = XCBuildConfiguration;
			buildSettings = {
				ASSETCATALOG_COMPILER_GLOBAL_ACCENT_COLOR_NAME = AccentColor;
				ASSETCATALOG_COMPILER_INCLUDE_ALL_APPICON_ASSETS = YES;
				CODE_SIGN_IDENTITY = "iPhone Developer";
				CODE_SIGN_STYLE = Manual;
				CURRENT_PROJECT_VERSION = 1;
				DEVELOPMENT_TEAM = F8ARKU83W2;
				ENABLE_PREVIEWS = YES;
				GENERATE_INFOPLIST_FILE = YES;
				INFOPLIST_KEY_NSPhotoLibraryAddUsageDescription = "Use photo as a profile icon";
				INFOPLIST_KEY_NSPhotoLibraryUsageDescription = "Use photo as a profile icon";
				INFOPLIST_KEY_UIApplicationSceneManifest_Generation = YES;
				INFOPLIST_KEY_UIApplicationSupportsIndirectInputEvents = YES;
				INFOPLIST_KEY_UILaunchScreen_Generation = YES;
				INFOPLIST_KEY_UISupportedInterfaceOrientations_iPad = "UIInterfaceOrientationPortrait UIInterfaceOrientationPortraitUpsideDown UIInterfaceOrientationLandscapeLeft UIInterfaceOrientationLandscapeRight";
				INFOPLIST_KEY_UISupportedInterfaceOrientations_iPhone = "UIInterfaceOrientationPortrait UIInterfaceOrientationLandscapeLeft UIInterfaceOrientationLandscapeRight";
				IPHONEOS_DEPLOYMENT_TARGET = 15.0;
				LD_RUNPATH_SEARCH_PATHS = (
					"$(inherited)",
					"@executable_path/Frameworks",
				);
				MARKETING_VERSION = 1.0;
				PRODUCT_BUNDLE_IDENTIFIER = com.aim.warofgiantsios;
				PRODUCT_NAME = ChatGPT;
				PROVISIONING_PROFILE_SPECIFIER = war_of_giants_dev_2022_02_17;
				SDKROOT = iphoneos;
				SWIFT_EMIT_LOC_STRINGS = YES;
				SWIFT_VERSION = 5.0;
				TARGETED_DEVICE_FAMILY = "1,2";
				VALIDATE_PRODUCT = YES;
			};
			name = Release;
		};
/* End XCBuildConfiguration section */

/* Begin XCConfigurationList section */
		6CE85ABD299F307C00F7B184 /* Build configuration list for PBXProject "ChatGPT" */ = {
			isa = XCConfigurationList;
			buildConfigurations = (
				6CE85AD5299F307E00F7B184 /* Debug */,
				6CE85AD6299F307E00F7B184 /* Release */,
			);
			defaultConfigurationIsVisible = 0;
			defaultConfigurationName = Release;
		};
		6CE85AD7299F307E00F7B184 /* Build configuration list for PBXNativeTarget "ChatGPT (iOS)" */ = {
			isa = XCConfigurationList;
			buildConfigurations = (
				6CE85AD8299F307E00F7B184 /* Debug */,
				6CE85AD9299F307E00F7B184 /* Release */,
			);
			defaultConfigurationIsVisible = 0;
			defaultConfigurationName = Release;
		};
/* End XCConfigurationList section */

/* Begin XCRemoteSwiftPackageReference section */
		6C30876529A5C924006371BD /* XCRemoteSwiftPackageReference "swift-markdown-ui" */ = {
			isa = XCRemoteSwiftPackageReference;
			repositoryURL = "https://github.com/gonzalezreal/swift-markdown-ui";
			requirement = {
				kind = exactVersion;
				version = 2.0.2;
			};
		};
/* End XCRemoteSwiftPackageReference section */

/* Begin XCSwiftPackageProductDependency section */
		6C30876629A5C924006371BD /* MarkdownUI */ = {
			isa = XCSwiftPackageProductDependency;
			package = 6C30876529A5C924006371BD /* XCRemoteSwiftPackageReference "swift-markdown-ui" */;
			productName = MarkdownUI;
		};
/* End XCSwiftPackageProductDependency section */
	};
	rootObject = 6CE85ABA299F307C00F7B184 /* Project object */;
}
